
Microsoft Visual Studio Solution File, Format Version 12.00
# Visual Studio Version 17
VisualStudioVersion = 17.5.33530.505
MinimumVisualStudioVersion = 10.0.40219.1
Project("{FAE04EC0-301F-11D3-BF4B-00C04F79EFBC}") = "API", "API\API.csproj", "{4E8687B2-5AC1-4578-9BA5-99D9EA5E451D}"
EndProject
Global
	GlobalSection(SolutionConfigurationPlatforms) = preSolution
		Debug|Any CPU = Debug|Any CPU
		Release|Any CPU = Release|Any CPU
	EndGlobalSection
	GlobalSection(ProjectConfigurationPlatforms) = postSolution
		{4E8687B2-5AC1-4578-9BA5-99D9EA5E451D}.Debug|Any CPU.ActiveCfg = Debug|Any CPU
		{4E8687B2-5AC1-4578-9BA5-99D9EA5E451D}.Debug|Any CPU.Build.0 = Debug|Any CPU
		{4E8687B2-5AC1-4578-9BA5-99D9EA5E451D}.Release|Any CPU.ActiveCfg = Release|Any CPU
		{4E8687B2-5AC1-4578-9BA5-99D9EA5E451D}.Release|Any CPU.Build.0 = Release|Any CPU
	EndGlobalSection
	GlobalSection(SolutionProperties) = preSolution
		HideSolutionNode = FALSE
	EndGlobalSection
	GlobalSection(ExtensibilityGlobals) = postSolution
		SolutionGuid = {9A60F437-0C94-4E22-B05F-BE7B51D521B3}
	EndGlobalSection
EndGlobal
